
Microsoft Visual Studio Solution File, Format Version 12.00
Project("{FAE04EC0-301F-11D3-BF4B-00C04F79EFBC}") = "NotificationService", "NotificationService\NotificationService.csproj", "{5BAE1677-535A-4A82-85C3-6F12C9AB25F0}"
EndProject
Project("{FAE04EC0-301F-11D3-BF4B-00C04F79EFBC}") = "NotificationConsumer", "NotificationConsumer\NotificationConsumer.csproj", "{95A39CB5-1D4E-4953-BFFD-5FF4FBA6E785}"
EndProject
Project("{FAE04EC0-301F-11D3-BF4B-00C04F79EFBC}") = "EmailWorker", "EmailWorker\EmailWorker.csproj", "{7C9B7C06-DC84-46C7-A242-7988B65902F8}"
EndProject
Global
	GlobalSection(SolutionConfigurationPlatforms) = preSolution
		Debug|Any CPU = Debug|Any CPU
		Release|Any CPU = Release|Any CPU
	EndGlobalSection
	GlobalSection(ProjectConfigurationPlatforms) = postSolution
		{5BAE1677-535A-4A82-85C3-6F12C9AB25F0}.Debug|Any CPU.ActiveCfg = Debug|Any CPU
		{5BAE1677-535A-4A82-85C3-6F12C9AB25F0}.Debug|Any CPU.Build.0 = Debug|Any CPU
		{5BAE1677-535A-4A82-85C3-6F12C9AB25F0}.Release|Any CPU.ActiveCfg = Release|Any CPU
		{5BAE1677-535A-4A82-85C3-6F12C9AB25F0}.Release|Any CPU.Build.0 = Release|Any CPU
		{95A39CB5-1D4E-4953-BFFD-5FF4FBA6E785}.Debug|Any CPU.ActiveCfg = Debug|Any CPU
		{95A39CB5-1D4E-4953-BFFD-5FF4FBA6E785}.Debug|Any CPU.Build.0 = Debug|Any CPU
		{95A39CB5-1D4E-4953-BFFD-5FF4FBA6E785}.Release|Any CPU.ActiveCfg = Release|Any CPU
		{95A39CB5-1D4E-4953-BFFD-5FF4FBA6E785}.Release|Any CPU.Build.0 = Release|Any CPU
		{7C9B7C06-DC84-46C7-A242-7988B65902F8}.Debug|Any CPU.ActiveCfg = Debug|Any CPU
		{7C9B7C06-DC84-46C7-A242-7988B65902F8}.Debug|Any CPU.Build.0 = Debug|Any CPU
		{7C9B7C06-DC84-46C7-A242-7988B65902F8}.Release|Any CPU.ActiveCfg = Release|Any CPU
		{7C9B7C06-DC84-46C7-A242-7988B65902F8}.Release|Any CPU.Build.0 = Release|Any CPU
	EndGlobalSection
EndGlobal
